// !$*UTF8*$!
{
	archiveVersion = 1;
	classes = {
	};
	objectVersion = 46;
	objects = {

/* Begin PBXBuildFile section */
		341BBF6116A0A76D003939CF /* MLBackArrow.png in Resources */ = {isa = PBXBuildFile; fileRef = 341BBF5916A0A76D003939CF /* MLBackArrow.png */; };
		341BBF6216A0A76D003939CF /* MLBackArrow@2x.png in Resources */ = {isa = PBXBuildFile; fileRef = 341BBF5A16A0A76D003939CF /* MLBackArrow@2x.png */; };
		341BBF6316A0A76D003939CF /* MLCheckIcon.png in Resources */ = {isa = PBXBuildFile; fileRef = 341BBF5B16A0A76D003939CF /* MLCheckIcon.png */; };
		341BBF6416A0A76D003939CF /* MLCheckIcon@2x.png in Resources */ = {isa = PBXBuildFile; fileRef = 341BBF5C16A0A76D003939CF /* MLCheckIcon@2x.png */; };
		341BBF6516A0A76D003939CF /* MLDismissIcon.png in Resources */ = {isa = PBXBuildFile; fileRef = 341BBF5D16A0A76D003939CF /* MLDismissIcon.png */; };
		341BBF6616A0A76D003939CF /* MLDismissIcon@2x.png in Resources */ = {isa = PBXBuildFile; fileRef = 341BBF5E16A0A76D003939CF /* MLDismissIcon@2x.png */; };
		341BBF6716A0A76D003939CF /* MLMenuIcon.png in Resources */ = {isa = PBXBuildFile; fileRef = 341BBF5F16A0A76D003939CF /* MLMenuIcon.png */; };
		341BBF6816A0A76D003939CF /* MLMenuIcon@2x.png in Resources */ = {isa = PBXBuildFile; fileRef = 341BBF6016A0A76D003939CF /* MLMenuIcon@2x.png */; };
		341BBF7616A0B16E003939CF /* Lato-Black.ttf in Resources */ = {isa = PBXBuildFile; fileRef = 341BBF6B16A0B16E003939CF /* Lato-Black.ttf */; };
		341BBF7716A0B16E003939CF /* Lato-BlackItalic.ttf in Resources */ = {isa = PBXBuildFile; fileRef = 341BBF6C16A0B16E003939CF /* Lato-BlackItalic.ttf */; };
		341BBF7816A0B16E003939CF /* Lato-Bold.ttf in Resources */ = {isa = PBXBuildFile; fileRef = 341BBF6D16A0B16E003939CF /* Lato-Bold.ttf */; };
		341BBF7916A0B16E003939CF /* Lato-BoldItalic.ttf in Resources */ = {isa = PBXBuildFile; fileRef = 341BBF6E16A0B16E003939CF /* Lato-BoldItalic.ttf */; };
		341BBF7A16A0B16E003939CF /* Lato-Hairline.ttf in Resources */ = {isa = PBXBuildFile; fileRef = 341BBF6F16A0B16E003939CF /* Lato-Hairline.ttf */; };
		341BBF7B16A0B16E003939CF /* Lato-HairlineItalic.ttf in Resources */ = {isa = PBXBuildFile; fileRef = 341BBF7016A0B16E003939CF /* Lato-HairlineItalic.ttf */; };
		341BBF7C16A0B16E003939CF /* Lato-Italic.ttf in Resources */ = {isa = PBXBuildFile; fileRef = 341BBF7116A0B16E003939CF /* Lato-Italic.ttf */; };
		341BBF7D16A0B16E003939CF /* Lato-Light.ttf in Resources */ = {isa = PBXBuildFile; fileRef = 341BBF7216A0B16E003939CF /* Lato-Light.ttf */; };
		341BBF7E16A0B16E003939CF /* Lato-LightItalic.ttf in Resources */ = {isa = PBXBuildFile; fileRef = 341BBF7316A0B16E003939CF /* Lato-LightItalic.ttf */; };
		341BBF7F16A0B16E003939CF /* Lato-Regular.ttf in Resources */ = {isa = PBXBuildFile; fileRef = 341BBF7416A0B16E003939CF /* Lato-Regular.ttf */; };
		341BBF8016A0B16E003939CF /* OFL.txt in Resources */ = {isa = PBXBuildFile; fileRef = 341BBF7516A0B16E003939CF /* OFL.txt */; };
		341BBF8116A0C805003939CF /* Lato-Black.ttf in Resources */ = {isa = PBXBuildFile; fileRef = 341BBF6B16A0B16E003939CF /* Lato-Black.ttf */; };
		341BBF8216A0C805003939CF /* Lato-BlackItalic.ttf in Resources */ = {isa = PBXBuildFile; fileRef = 341BBF6C16A0B16E003939CF /* Lato-BlackItalic.ttf */; };
		341BBF8316A0C805003939CF /* Lato-Bold.ttf in Resources */ = {isa = PBXBuildFile; fileRef = 341BBF6D16A0B16E003939CF /* Lato-Bold.ttf */; };
		341BBF8416A0C805003939CF /* Lato-BoldItalic.ttf in Resources */ = {isa = PBXBuildFile; fileRef = 341BBF6E16A0B16E003939CF /* Lato-BoldItalic.ttf */; };
		341BBF8516A0C805003939CF /* Lato-Hairline.ttf in Resources */ = {isa = PBXBuildFile; fileRef = 341BBF6F16A0B16E003939CF /* Lato-Hairline.ttf */; };
		341BBF8616A0C805003939CF /* Lato-HairlineItalic.ttf in Resources */ = {isa = PBXBuildFile; fileRef = 341BBF7016A0B16E003939CF /* Lato-HairlineItalic.ttf */; };
		341BBF8716A0C805003939CF /* Lato-Italic.ttf in Resources */ = {isa = PBXBuildFile; fileRef = 341BBF7116A0B16E003939CF /* Lato-Italic.ttf */; };
		341BBF8816A0C805003939CF /* Lato-Light.ttf in Resources */ = {isa = PBXBuildFile; fileRef = 341BBF7216A0B16E003939CF /* Lato-Light.ttf */; };
		341BBF8916A0C805003939CF /* Lato-LightItalic.ttf in Resources */ = {isa = PBXBuildFile; fileRef = 341BBF7316A0B16E003939CF /* Lato-LightItalic.ttf */; };
		341BBF8A16A0C805003939CF /* Lato-Regular.ttf in Resources */ = {isa = PBXBuildFile; fileRef = 341BBF7416A0B16E003939CF /* Lato-Regular.ttf */; };
		341BBF8D16A0D648003939CF /* MLPixelDivider.m in Sources */ = {isa = PBXBuildFile; fileRef = 341BBF8C16A0D647003939CF /* MLPixelDivider.m */; };
		345CE2BF1694DD89009BA0C9 /* UIKit.framework in Frameworks */ = {isa = PBXBuildFile; fileRef = 345CE2BE1694DD89009BA0C9 /* UIKit.framework */; };
		345CE2C11694DD89009BA0C9 /* Foundation.framework in Frameworks */ = {isa = PBXBuildFile; fileRef = 345CE2C01694DD89009BA0C9 /* Foundation.framework */; };
		345CE2C31694DD89009BA0C9 /* CoreGraphics.framework in Frameworks */ = {isa = PBXBuildFile; fileRef = 345CE2C21694DD89009BA0C9 /* CoreGraphics.framework */; };
		345CE2C91694DD89009BA0C9 /* InfoPlist.strings in Resources */ = {isa = PBXBuildFile; fileRef = 345CE2C71694DD89009BA0C9 /* InfoPlist.strings */; };
		345CE2CB1694DD89009BA0C9 /* main.m in Sources */ = {isa = PBXBuildFile; fileRef = 345CE2CA1694DD89009BA0C9 /* main.m */; };
		345CE2CF1694DD89009BA0C9 /* MLAppDelegate.m in Sources */ = {isa = PBXBuildFile; fileRef = 345CE2CE1694DD89009BA0C9 /* MLAppDelegate.m */; };
		345CE2D11694DD89009BA0C9 /* Default.png in Resources */ = {isa = PBXBuildFile; fileRef = 345CE2D01694DD89009BA0C9 /* Default.png */; };
		345CE2D31694DD89009BA0C9 /* Default@2x.png in Resources */ = {isa = PBXBuildFile; fileRef = 345CE2D21694DD89009BA0C9 /* Default@2x.png */; };
		345CE2D51694DD89009BA0C9 /* Default-568h@2x.png in Resources */ = {isa = PBXBuildFile; fileRef = 345CE2D41694DD89009BA0C9 /* Default-568h@2x.png */; };
		345CE2DD1694DD89009BA0C9 /* SenTestingKit.framework in Frameworks */ = {isa = PBXBuildFile; fileRef = 345CE2DC1694DD89009BA0C9 /* SenTestingKit.framework */; };
		345CE2DE1694DD89009BA0C9 /* UIKit.framework in Frameworks */ = {isa = PBXBuildFile; fileRef = 345CE2BE1694DD89009BA0C9 /* UIKit.framework */; };
		345CE2DF1694DD89009BA0C9 /* Foundation.framework in Frameworks */ = {isa = PBXBuildFile; fileRef = 345CE2C01694DD89009BA0C9 /* Foundation.framework */; };
		345CE2E71694DD89009BA0C9 /* InfoPlist.strings in Resources */ = {isa = PBXBuildFile; fileRef = 345CE2E51694DD89009BA0C9 /* InfoPlist.strings */; };
		345CE2EA1694DD89009BA0C9 /* PadSplitViewControllerTests.m in Sources */ = {isa = PBXBuildFile; fileRef = 345CE2E91694DD89009BA0C9 /* PadSplitViewControllerTests.m */; };
		34647FCC16951D8A00183D40 /* MLPadMenuNavigationController.m in Sources */ = {isa = PBXBuildFile; fileRef = 34647FC716951D8A00183D40 /* MLPadMenuNavigationController.m */; };
		34647FCD16951D8A00183D40 /* MLPadMenuNavigationController.m in Sources */ = {isa = PBXBuildFile; fileRef = 34647FC716951D8A00183D40 /* MLPadMenuNavigationController.m */; };
		34647FCE16951D8A00183D40 /* MLPadMenuViewController.m in Sources */ = {isa = PBXBuildFile; fileRef = 34647FC916951D8A00183D40 /* MLPadMenuViewController.m */; };
		34647FCF16951D8A00183D40 /* MLPadMenuViewController.m in Sources */ = {isa = PBXBuildFile; fileRef = 34647FC916951D8A00183D40 /* MLPadMenuViewController.m */; };
		34647FD016951D8A00183D40 /* MLPadSplitViewController.m in Sources */ = {isa = PBXBuildFile; fileRef = 34647FCB16951D8A00183D40 /* MLPadSplitViewController.m */; };
		34647FD116951D8A00183D40 /* MLPadSplitViewController.m in Sources */ = {isa = PBXBuildFile; fileRef = 34647FCB16951D8A00183D40 /* MLPadSplitViewController.m */; };
		34647FF516976AFC00183D40 /* MLMenuPinView.m in Sources */ = {isa = PBXBuildFile; fileRef = 34647FF416976AFC00183D40 /* MLMenuPinView.m */; };
		34647FF616976AFC00183D40 /* MLMenuPinView.m in Sources */ = {isa = PBXBuildFile; fileRef = 34647FF416976AFC00183D40 /* MLMenuPinView.m */; };
		34647FF916976B3C00183D40 /* MLPadMenuNavigationBar.m in Sources */ = {isa = PBXBuildFile; fileRef = 34647FF816976B3C00183D40 /* MLPadMenuNavigationBar.m */; };
		34647FFA16976B3C00183D40 /* MLPadMenuNavigationBar.m in Sources */ = {isa = PBXBuildFile; fileRef = 34647FF816976B3C00183D40 /* MLPadMenuNavigationBar.m */; };
		34647FFD16976CA900183D40 /* MLPadMenuTableView.m in Sources */ = {isa = PBXBuildFile; fileRef = 34647FFC16976CA900183D40 /* MLPadMenuTableView.m */; };
		34647FFE16976CA900183D40 /* MLPadMenuTableView.m in Sources */ = {isa = PBXBuildFile; fileRef = 34647FFC16976CA900183D40 /* MLPadMenuTableView.m */; };
		3464802116978A0E00183D40 /* MLMenuFooterView.m in Sources */ = {isa = PBXBuildFile; fileRef = 3464802016978A0E00183D40 /* MLMenuFooterView.m */; };
		3464802216978A0E00183D40 /* MLMenuFooterView.m in Sources */ = {isa = PBXBuildFile; fileRef = 3464802016978A0E00183D40 /* MLMenuFooterView.m */; };
		34E98D5C169B6AF0001229B3 /* MLMenuCell.m in Sources */ = {isa = PBXBuildFile; fileRef = 34E98D5B169B6AF0001229B3 /* MLMenuCell.m */; };
		34E98D60169B6C0F001229B3 /* MLCourse.m in Sources */ = {isa = PBXBuildFile; fileRef = 34E98D5F169B6C0E001229B3 /* MLCourse.m */; };
		34E98D63169B7942001229B3 /* arrow.png in Resources */ = {isa = PBXBuildFile; fileRef = 34E98D61169B7942001229B3 /* arrow.png */; };
		34E98D64169B7942001229B3 /* arrow@2x.png in Resources */ = {isa = PBXBuildFile; fileRef = 34E98D62169B7942001229B3 /* arrow@2x.png */; };
		34E98D67169B8725001229B3 /* horizontalRule.png in Resources */ = {isa = PBXBuildFile; fileRef = 34E98D65169B8725001229B3 /* horizontalRule.png */; };
		34E98D68169B8725001229B3 /* horizontalRule@2x.png in Resources */ = {isa = PBXBuildFile; fileRef = 34E98D66169B8725001229B3 /* horizontalRule@2x.png */; };
		34E98D6B169B88B4001229B3 /* MLMenuSectionHeaderView.m in Sources */ = {isa = PBXBuildFile; fileRef = 34E98D6A169B88B4001229B3 /* MLMenuSectionHeaderView.m */; };
		34E98D6D169CB13E001229B3 /* QuartzCore.framework in Frameworks */ = {isa = PBXBuildFile; fileRef = 34E98D6C169CB13E001229B3 /* QuartzCore.framework */; };
		34E98D70169CBAE8001229B3 /* MLMenuCourseCell.m in Sources */ = {isa = PBXBuildFile; fileRef = 34E98D6F169CBAE8001229B3 /* MLMenuCourseCell.m */; };
		34E98D73169CCDA5001229B3 /* MLPadMenuCourseViewController.m in Sources */ = {isa = PBXBuildFile; fileRef = 34E98D72169CCDA5001229B3 /* MLPadMenuCourseViewController.m */; };
		34E98D76169CCDBF001229B3 /* MLPadMenuCourseMapItemViewController.m in Sources */ = {isa = PBXBuildFile; fileRef = 34E98D75169CCDBF001229B3 /* MLPadMenuCourseMapItemViewController.m */; };
		34E98D79169CD527001229B3 /* MLMenuCourseMapItemCell.m in Sources */ = {isa = PBXBuildFile; fileRef = 34E98D78169CD527001229B3 /* MLMenuCourseMapItemCell.m */; };
		34E98DBC169CDA1F001229B3 /* MLCourseMapItem.m in Sources */ = {isa = PBXBuildFile; fileRef = 34E98DBB169CDA1E001229B3 /* MLCourseMapItem.m */; };
		34E98DE4169CDBB9001229B3 /* MLAnnouncementsIcon.png in Resources */ = {isa = PBXBuildFile; fileRef = 34E98DC0169CDBB9001229B3 /* MLAnnouncementsIcon.png */; };
		34E98DE5169CDBB9001229B3 /* MLAnnouncementsIcon@2x.png in Resources */ = {isa = PBXBuildFile; fileRef = 34E98DC1169CDBB9001229B3 /* MLAnnouncementsIcon@2x.png */; };
		34E98DE6169CDBB9001229B3 /* MLAssessmentsIcon.png in Resources */ = {isa = PBXBuildFile; fileRef = 34E98DC2169CDBB9001229B3 /* MLAssessmentsIcon.png */; };
		34E98DE7169CDBB9001229B3 /* MLAssessmentsIcon@2x.png in Resources */ = {isa = PBXBuildFile; fileRef = 34E98DC3169CDBB9001229B3 /* MLAssessmentsIcon@2x.png */; };
		34E98DE8169CDBB9001229B3 /* MLBlogEntriesIcon.png in Resources */ = {isa = PBXBuildFile; fileRef = 34E98DC4169CDBB9001229B3 /* MLBlogEntriesIcon.png */; };
		34E98DE9169CDBB9001229B3 /* MLBlogEntriesIcon@2x.png in Resources */ = {isa = PBXBuildFile; fileRef = 34E98DC5169CDBB9001229B3 /* MLBlogEntriesIcon@2x.png */; };
		34E98DEA169CDBB9001229B3 /* MLBlogsIcon.png in Resources */ = {isa = PBXBuildFile; fileRef = 34E98DC6169CDBB9001229B3 /* MLBlogsIcon.png */; };
		34E98DEB169CDBB9001229B3 /* MLBlogsIcon@2x.png in Resources */ = {isa = PBXBuildFile; fileRef = 34E98DC7169CDBB9001229B3 /* MLBlogsIcon@2x.png */; };
		34E98DEC169CDBB9001229B3 /* MLCalendarIcon.png in Resources */ = {isa = PBXBuildFile; fileRef = 34E98DC8169CDBB9001229B3 /* MLCalendarIcon.png */; };
		34E98DED169CDBB9001229B3 /* MLCalendarIcon@2x.png in Resources */ = {isa = PBXBuildFile; fileRef = 34E98DC9169CDBB9001229B3 /* MLCalendarIcon@2x.png */; };
		34E98DEE169CDBB9001229B3 /* MLContentIcon.png in Resources */ = {isa = PBXBuildFile; fileRef = 34E98DCA169CDBB9001229B3 /* MLContentIcon.png */; };
		34E98DEF169CDBB9001229B3 /* MLContentIcon@2x.png in Resources */ = {isa = PBXBuildFile; fileRef = 34E98DCB169CDBB9001229B3 /* MLContentIcon@2x.png */; };
		34E98DF0169CDBB9001229B3 /* MLCourseInfoButton.png in Resources */ = {isa = PBXBuildFile; fileRef = 34E98DCC169CDBB9001229B3 /* MLCourseInfoButton.png */; };
		34E98DF1169CDBB9001229B3 /* MLCourseInfoButton@2x.png in Resources */ = {isa = PBXBuildFile; fileRef = 34E98DCD169CDBB9001229B3 /* MLCourseInfoButton@2x.png */; };
		34E98DF2169CDBB9001229B3 /* MLCourseInfoIcon.png in Resources */ = {isa = PBXBuildFile; fileRef = 34E98DCE169CDBB9001229B3 /* MLCourseInfoIcon.png */; };
		34E98DF3169CDBB9001229B3 /* MLCourseInfoIcon@2x.png in Resources */ = {isa = PBXBuildFile; fileRef = 34E98DCF169CDBB9001229B3 /* MLCourseInfoIcon@2x.png */; };
		34E98DF4169CDBB9001229B3 /* MLCourseMapButton.png in Resources */ = {isa = PBXBuildFile; fileRef = 34E98DD0169CDBB9001229B3 /* MLCourseMapButton.png */; };
		34E98DF5169CDBB9001229B3 /* MLCourseMapButton@2x.png in Resources */ = {isa = PBXBuildFile; fileRef = 34E98DD1169CDBB9001229B3 /* MLCourseMapButton@2x.png */; };
		34E98DF6169CDBB9001229B3 /* MLFolderIcon.png in Resources */ = {isa = PBXBuildFile; fileRef = 34E98DD2169CDBB9001229B3 /* MLFolderIcon.png */; };
		34E98DF7169CDBB9001229B3 /* MLFolderIcon@2x.png in Resources */ = {isa = PBXBuildFile; fileRef = 34E98DD3169CDBB9001229B3 /* MLFolderIcon@2x.png */; };
		34E98DF8169CDBB9001229B3 /* MLForumsIcon.png in Resources */ = {isa = PBXBuildFile; fileRef = 34E98DD4169CDBB9001229B3 /* MLForumsIcon.png */; };
		34E98DF9169CDBB9001229B3 /* MLForumsIcon@2x.png in Resources */ = {isa = PBXBuildFile; fileRef = 34E98DD5169CDBB9001229B3 /* MLForumsIcon@2x.png */; };
		34E98DFA169CDBB9001229B3 /* MLForumThreadsIcon.png in Resources */ = {isa = PBXBuildFile; fileRef = 34E98DD6169CDBB9001229B3 /* MLForumThreadsIcon.png */; };
		34E98DFB169CDBB9001229B3 /* MLForumThreadsIcon@2x.png in Resources */ = {isa = PBXBuildFile; fileRef = 34E98DD7169CDBB9001229B3 /* MLForumThreadsIcon@2x.png */; };
		34E98DFC169CDBB9001229B3 /* MLGradesIcon.png in Resources */ = {isa = PBXBuildFile; fileRef = 34E98DD8169CDBB9001229B3 /* MLGradesIcon.png */; };
		34E98DFD169CDBB9001229B3 /* MLGradesIcon@2x.png in Resources */ = {isa = PBXBuildFile; fileRef = 34E98DD9169CDBB9001229B3 /* MLGradesIcon@2x.png */; };
		34E98DFE169CDBB9001229B3 /* MLGroupsIcon.png in Resources */ = {isa = PBXBuildFile; fileRef = 34E98DDA169CDBB9001229B3 /* MLGroupsIcon.png */; };
		34E98DFF169CDBB9001229B3 /* MLGroupsIcon@2x.png in Resources */ = {isa = PBXBuildFile; fileRef = 34E98DDB169CDBB9001229B3 /* MLGroupsIcon@2x.png */; };
		34E98E00169CDBB9001229B3 /* MLJournalsIcon.png in Resources */ = {isa = PBXBuildFile; fileRef = 34E98DDC169CDBB9001229B3 /* MLJournalsIcon.png */; };
		34E98E01169CDBB9001229B3 /* MLJournalsIcon@2x.png in Resources */ = {isa = PBXBuildFile; fileRef = 34E98DDD169CDBB9001229B3 /* MLJournalsIcon@2x.png */; };
		34E98E02169CDBB9001229B3 /* MLLinksIcon.png in Resources */ = {isa = PBXBuildFile; fileRef = 34E98DDE169CDBB9001229B3 /* MLLinksIcon.png */; };
		34E98E03169CDBB9001229B3 /* MLLinksIcon@2x.png in Resources */ = {isa = PBXBuildFile; fileRef = 34E98DDF169CDBB9001229B3 /* MLLinksIcon@2x.png */; };
		34E98E04169CDBB9001229B3 /* MLRosterIcon.png in Resources */ = {isa = PBXBuildFile; fileRef = 34E98DE0169CDBB9001229B3 /* MLRosterIcon.png */; };
		34E98E05169CDBB9001229B3 /* MLRosterIcon@2x.png in Resources */ = {isa = PBXBuildFile; fileRef = 34E98DE1169CDBB9001229B3 /* MLRosterIcon@2x.png */; };
		34E98E06169CDBB9001229B3 /* MLTasksIcon.png in Resources */ = {isa = PBXBuildFile; fileRef = 34E98DE2169CDBB9001229B3 /* MLTasksIcon.png */; };
		34E98E07169CDBB9001229B3 /* MLTasksIcon@2x.png in Resources */ = {isa = PBXBuildFile; fileRef = 34E98DE3169CDBB9001229B3 /* MLTasksIcon@2x.png */; };
/* End PBXBuildFile section */

/* Begin PBXContainerItemProxy section */
		345CE2E01694DD89009BA0C9 /* PBXContainerItemProxy */ = {
			isa = PBXContainerItemProxy;
			containerPortal = 345CE2B11694DD89009BA0C9 /* Project object */;
			proxyType = 1;
			remoteGlobalIDString = 345CE2B91694DD89009BA0C9;
			remoteInfo = PadSplitViewController;
		};
/* End PBXContainerItemProxy section */

/* Begin PBXFileReference section */
		341BBF5916A0A76D003939CF /* MLBackArrow.png */ = {isa = PBXFileReference; lastKnownFileType = image.png; path = MLBackArrow.png; sourceTree = "<group>"; };
		341BBF5A16A0A76D003939CF /* MLBackArrow@2x.png */ = {isa = PBXFileReference; lastKnownFileType = image.png; path = "MLBackArrow@2x.png"; sourceTree = "<group>"; };
		341BBF5B16A0A76D003939CF /* MLCheckIcon.png */ = {isa = PBXFileReference; lastKnownFileType = image.png; path = MLCheckIcon.png; sourceTree = "<group>"; };
		341BBF5C16A0A76D003939CF /* MLCheckIcon@2x.png */ = {isa = PBXFileReference; lastKnownFileType = image.png; path = "MLCheckIcon@2x.png"; sourceTree = "<group>"; };
		341BBF5D16A0A76D003939CF /* MLDismissIcon.png */ = {isa = PBXFileReference; lastKnownFileType = image.png; path = MLDismissIcon.png; sourceTree = "<group>"; };
		341BBF5E16A0A76D003939CF /* MLDismissIcon@2x.png */ = {isa = PBXFileReference; lastKnownFileType = image.png; path = "MLDismissIcon@2x.png"; sourceTree = "<group>"; };
		341BBF5F16A0A76D003939CF /* MLMenuIcon.png */ = {isa = PBXFileReference; lastKnownFileType = image.png; path = MLMenuIcon.png; sourceTree = "<group>"; };
		341BBF6016A0A76D003939CF /* MLMenuIcon@2x.png */ = {isa = PBXFileReference; lastKnownFileType = image.png; path = "MLMenuIcon@2x.png"; sourceTree = "<group>"; };
		341BBF6B16A0B16E003939CF /* Lato-Black.ttf */ = {isa = PBXFileReference; lastKnownFileType = file; path = "Lato-Black.ttf"; sourceTree = "<group>"; };
		341BBF6C16A0B16E003939CF /* Lato-BlackItalic.ttf */ = {isa = PBXFileReference; lastKnownFileType = file; path = "Lato-BlackItalic.ttf"; sourceTree = "<group>"; };
		341BBF6D16A0B16E003939CF /* Lato-Bold.ttf */ = {isa = PBXFileReference; lastKnownFileType = file; path = "Lato-Bold.ttf"; sourceTree = "<group>"; };
		341BBF6E16A0B16E003939CF /* Lato-BoldItalic.ttf */ = {isa = PBXFileReference; lastKnownFileType = file; path = "Lato-BoldItalic.ttf"; sourceTree = "<group>"; };
		341BBF6F16A0B16E003939CF /* Lato-Hairline.ttf */ = {isa = PBXFileReference; lastKnownFileType = file; path = "Lato-Hairline.ttf"; sourceTree = "<group>"; };
		341BBF7016A0B16E003939CF /* Lato-HairlineItalic.ttf */ = {isa = PBXFileReference; lastKnownFileType = file; path = "Lato-HairlineItalic.ttf"; sourceTree = "<group>"; };
		341BBF7116A0B16E003939CF /* Lato-Italic.ttf */ = {isa = PBXFileReference; lastKnownFileType = file; path = "Lato-Italic.ttf"; sourceTree = "<group>"; };
		341BBF7216A0B16E003939CF /* Lato-Light.ttf */ = {isa = PBXFileReference; lastKnownFileType = file; path = "Lato-Light.ttf"; sourceTree = "<group>"; };
		341BBF7316A0B16E003939CF /* Lato-LightItalic.ttf */ = {isa = PBXFileReference; lastKnownFileType = file; path = "Lato-LightItalic.ttf"; sourceTree = "<group>"; };
		341BBF7416A0B16E003939CF /* Lato-Regular.ttf */ = {isa = PBXFileReference; lastKnownFileType = file; path = "Lato-Regular.ttf"; sourceTree = "<group>"; };
		341BBF7516A0B16E003939CF /* OFL.txt */ = {isa = PBXFileReference; fileEncoding = 4; lastKnownFileType = text; path = OFL.txt; sourceTree = "<group>"; };
		341BBF8B16A0D647003939CF /* MLPixelDivider.h */ = {isa = PBXFileReference; fileEncoding = 4; lastKnownFileType = sourcecode.c.h; path = MLPixelDivider.h; sourceTree = "<group>"; };
		341BBF8C16A0D647003939CF /* MLPixelDivider.m */ = {isa = PBXFileReference; fileEncoding = 4; lastKnownFileType = sourcecode.c.objc; path = MLPixelDivider.m; sourceTree = "<group>"; };
		345CE2BA1694DD89009BA0C9 /* PadSplitViewController.app */ = {isa = PBXFileReference; explicitFileType = wrapper.application; includeInIndex = 0; path = PadSplitViewController.app; sourceTree = BUILT_PRODUCTS_DIR; };
		345CE2BE1694DD89009BA0C9 /* UIKit.framework */ = {isa = PBXFileReference; lastKnownFileType = wrapper.framework; name = UIKit.framework; path = System/Library/Frameworks/UIKit.framework; sourceTree = SDKROOT; };
		345CE2C01694DD89009BA0C9 /* Foundation.framework */ = {isa = PBXFileReference; lastKnownFileType = wrapper.framework; name = Foundation.framework; path = System/Library/Frameworks/Foundation.framework; sourceTree = SDKROOT; };
		345CE2C21694DD89009BA0C9 /* CoreGraphics.framework */ = {isa = PBXFileReference; lastKnownFileType = wrapper.framework; name = CoreGraphics.framework; path = System/Library/Frameworks/CoreGraphics.framework; sourceTree = SDKROOT; };
		345CE2C61694DD89009BA0C9 /* PadSplitViewController-Info.plist */ = {isa = PBXFileReference; lastKnownFileType = text.plist.xml; path = "PadSplitViewController-Info.plist"; sourceTree = "<group>"; };
		345CE2C81694DD89009BA0C9 /* en */ = {isa = PBXFileReference; lastKnownFileType = text.plist.strings; name = en; path = en.lproj/InfoPlist.strings; sourceTree = "<group>"; };
		345CE2CA1694DD89009BA0C9 /* main.m */ = {isa = PBXFileReference; lastKnownFileType = sourcecode.c.objc; path = main.m; sourceTree = "<group>"; };
		345CE2CC1694DD89009BA0C9 /* PadSplitViewController-Prefix.pch */ = {isa = PBXFileReference; lastKnownFileType = sourcecode.c.h; path = "PadSplitViewController-Prefix.pch"; sourceTree = "<group>"; };
		345CE2CD1694DD89009BA0C9 /* MLAppDelegate.h */ = {isa = PBXFileReference; lastKnownFileType = sourcecode.c.h; path = MLAppDelegate.h; sourceTree = "<group>"; };
		345CE2CE1694DD89009BA0C9 /* MLAppDelegate.m */ = {isa = PBXFileReference; lastKnownFileType = sourcecode.c.objc; path = MLAppDelegate.m; sourceTree = "<group>"; };
		345CE2D01694DD89009BA0C9 /* Default.png */ = {isa = PBXFileReference; lastKnownFileType = image.png; path = Default.png; sourceTree = "<group>"; };
		345CE2D21694DD89009BA0C9 /* Default@2x.png */ = {isa = PBXFileReference; lastKnownFileType = image.png; path = "Default@2x.png"; sourceTree = "<group>"; };
		345CE2D41694DD89009BA0C9 /* Default-568h@2x.png */ = {isa = PBXFileReference; lastKnownFileType = image.png; path = "Default-568h@2x.png"; sourceTree = "<group>"; };
		345CE2DB1694DD89009BA0C9 /* PadSplitViewControllerTests.octest */ = {isa = PBXFileReference; explicitFileType = wrapper.cfbundle; includeInIndex = 0; path = PadSplitViewControllerTests.octest; sourceTree = BUILT_PRODUCTS_DIR; };
		345CE2DC1694DD89009BA0C9 /* SenTestingKit.framework */ = {isa = PBXFileReference; lastKnownFileType = wrapper.framework; name = SenTestingKit.framework; path = Library/Frameworks/SenTestingKit.framework; sourceTree = DEVELOPER_DIR; };
		345CE2E41694DD89009BA0C9 /* PadSplitViewControllerTests-Info.plist */ = {isa = PBXFileReference; lastKnownFileType = text.plist.xml; path = "PadSplitViewControllerTests-Info.plist"; sourceTree = "<group>"; };
		345CE2E61694DD89009BA0C9 /* en */ = {isa = PBXFileReference; lastKnownFileType = text.plist.strings; name = en; path = en.lproj/InfoPlist.strings; sourceTree = "<group>"; };
		345CE2E81694DD89009BA0C9 /* PadSplitViewControllerTests.h */ = {isa = PBXFileReference; lastKnownFileType = sourcecode.c.h; path = PadSplitViewControllerTests.h; sourceTree = "<group>"; };
		345CE2E91694DD89009BA0C9 /* PadSplitViewControllerTests.m */ = {isa = PBXFileReference; lastKnownFileType = sourcecode.c.objc; path = PadSplitViewControllerTests.m; sourceTree = "<group>"; };
		34647FC616951D8A00183D40 /* MLPadMenuNavigationController.h */ = {isa = PBXFileReference; fileEncoding = 4; lastKnownFileType = sourcecode.c.h; path = MLPadMenuNavigationController.h; sourceTree = "<group>"; };
		34647FC716951D8A00183D40 /* MLPadMenuNavigationController.m */ = {isa = PBXFileReference; fileEncoding = 4; lastKnownFileType = sourcecode.c.objc; path = MLPadMenuNavigationController.m; sourceTree = "<group>"; };
		34647FC816951D8A00183D40 /* MLPadMenuViewController.h */ = {isa = PBXFileReference; fileEncoding = 4; lastKnownFileType = sourcecode.c.h; path = MLPadMenuViewController.h; sourceTree = "<group>"; };
		34647FC916951D8A00183D40 /* MLPadMenuViewController.m */ = {isa = PBXFileReference; fileEncoding = 4; lastKnownFileType = sourcecode.c.objc; path = MLPadMenuViewController.m; sourceTree = "<group>"; };
		34647FCA16951D8A00183D40 /* MLPadSplitViewController.h */ = {isa = PBXFileReference; fileEncoding = 4; lastKnownFileType = sourcecode.c.h; path = MLPadSplitViewController.h; sourceTree = "<group>"; };
		34647FCB16951D8A00183D40 /* MLPadSplitViewController.m */ = {isa = PBXFileReference; fileEncoding = 4; lastKnownFileType = sourcecode.c.objc; path = MLPadSplitViewController.m; sourceTree = "<group>"; };
		34647FF316976AFC00183D40 /* MLMenuPinView.h */ = {isa = PBXFileReference; fileEncoding = 4; lastKnownFileType = sourcecode.c.h; path = MLMenuPinView.h; sourceTree = "<group>"; };
		34647FF416976AFC00183D40 /* MLMenuPinView.m */ = {isa = PBXFileReference; fileEncoding = 4; lastKnownFileType = sourcecode.c.objc; path = MLMenuPinView.m; sourceTree = "<group>"; };
		34647FF716976B3C00183D40 /* MLPadMenuNavigationBar.h */ = {isa = PBXFileReference; fileEncoding = 4; lastKnownFileType = sourcecode.c.h; path = MLPadMenuNavigationBar.h; sourceTree = "<group>"; };
		34647FF816976B3C00183D40 /* MLPadMenuNavigationBar.m */ = {isa = PBXFileReference; fileEncoding = 4; lastKnownFileType = sourcecode.c.objc; path = MLPadMenuNavigationBar.m; sourceTree = "<group>"; };
		34647FFB16976CA900183D40 /* MLPadMenuTableView.h */ = {isa = PBXFileReference; fileEncoding = 4; lastKnownFileType = sourcecode.c.h; path = MLPadMenuTableView.h; sourceTree = "<group>"; };
		34647FFC16976CA900183D40 /* MLPadMenuTableView.m */ = {isa = PBXFileReference; fileEncoding = 4; lastKnownFileType = sourcecode.c.objc; path = MLPadMenuTableView.m; sourceTree = "<group>"; };
		3464801F16978A0E00183D40 /* MLMenuFooterView.h */ = {isa = PBXFileReference; fileEncoding = 4; lastKnownFileType = sourcecode.c.h; path = MLMenuFooterView.h; sourceTree = "<group>"; };
		3464802016978A0E00183D40 /* MLMenuFooterView.m */ = {isa = PBXFileReference; fileEncoding = 4; lastKnownFileType = sourcecode.c.objc; path = MLMenuFooterView.m; sourceTree = "<group>"; };
		34E98D5A169B6AF0001229B3 /* MLMenuCell.h */ = {isa = PBXFileReference; fileEncoding = 4; lastKnownFileType = sourcecode.c.h; path = MLMenuCell.h; sourceTree = "<group>"; };
		34E98D5B169B6AF0001229B3 /* MLMenuCell.m */ = {isa = PBXFileReference; fileEncoding = 4; lastKnownFileType = sourcecode.c.objc; path = MLMenuCell.m; sourceTree = "<group>"; };
		34E98D5E169B6C0E001229B3 /* MLCourse.h */ = {isa = PBXFileReference; fileEncoding = 4; lastKnownFileType = sourcecode.c.h; path = MLCourse.h; sourceTree = "<group>"; };
		34E98D5F169B6C0E001229B3 /* MLCourse.m */ = {isa = PBXFileReference; fileEncoding = 4; lastKnownFileType = sourcecode.c.objc; path = MLCourse.m; sourceTree = "<group>"; };
		34E98D61169B7942001229B3 /* arrow.png */ = {isa = PBXFileReference; lastKnownFileType = image.png; path = arrow.png; sourceTree = "<group>"; };
		34E98D62169B7942001229B3 /* arrow@2x.png */ = {isa = PBXFileReference; lastKnownFileType = image.png; path = "arrow@2x.png"; sourceTree = "<group>"; };
		34E98D65169B8725001229B3 /* horizontalRule.png */ = {isa = PBXFileReference; lastKnownFileType = image.png; path = horizontalRule.png; sourceTree = "<group>"; };
		34E98D66169B8725001229B3 /* horizontalRule@2x.png */ = {isa = PBXFileReference; lastKnownFileType = image.png; path = "horizontalRule@2x.png"; sourceTree = "<group>"; };
		34E98D69169B88B4001229B3 /* MLMenuSectionHeaderView.h */ = {isa = PBXFileReference; fileEncoding = 4; lastKnownFileType = sourcecode.c.h; path = MLMenuSectionHeaderView.h; sourceTree = "<group>"; };
		34E98D6A169B88B4001229B3 /* MLMenuSectionHeaderView.m */ = {isa = PBXFileReference; fileEncoding = 4; lastKnownFileType = sourcecode.c.objc; path = MLMenuSectionHeaderView.m; sourceTree = "<group>"; };
		34E98D6C169CB13E001229B3 /* QuartzCore.framework */ = {isa = PBXFileReference; lastKnownFileType = wrapper.framework; name = QuartzCore.framework; path = System/Library/Frameworks/QuartzCore.framework; sourceTree = SDKROOT; };
		34E98D6E169CBAE8001229B3 /* MLMenuCourseCell.h */ = {isa = PBXFileReference; fileEncoding = 4; lastKnownFileType = sourcecode.c.h; path = MLMenuCourseCell.h; sourceTree = "<group>"; };
		34E98D6F169CBAE8001229B3 /* MLMenuCourseCell.m */ = {isa = PBXFileReference; fileEncoding = 4; lastKnownFileType = sourcecode.c.objc; path = MLMenuCourseCell.m; sourceTree = "<group>"; };
		34E98D71169CCDA5001229B3 /* MLPadMenuCourseViewController.h */ = {isa = PBXFileReference; fileEncoding = 4; lastKnownFileType = sourcecode.c.h; path = MLPadMenuCourseViewController.h; sourceTree = "<group>"; };
		34E98D72169CCDA5001229B3 /* MLPadMenuCourseViewController.m */ = {isa = PBXFileReference; fileEncoding = 4; lastKnownFileType = sourcecode.c.objc; path = MLPadMenuCourseViewController.m; sourceTree = "<group>"; };
		34E98D74169CCDBF001229B3 /* MLPadMenuCourseMapItemViewController.h */ = {isa = PBXFileReference; fileEncoding = 4; lastKnownFileType = sourcecode.c.h; path = MLPadMenuCourseMapItemViewController.h; sourceTree = "<group>"; };
		34E98D75169CCDBF001229B3 /* MLPadMenuCourseMapItemViewController.m */ = {isa = PBXFileReference; fileEncoding = 4; lastKnownFileType = sourcecode.c.objc; path = MLPadMenuCourseMapItemViewController.m; sourceTree = "<group>"; };
		34E98D77169CD527001229B3 /* MLMenuCourseMapItemCell.h */ = {isa = PBXFileReference; fileEncoding = 4; lastKnownFileType = sourcecode.c.h; path = MLMenuCourseMapItemCell.h; sourceTree = "<group>"; };
		34E98D78169CD527001229B3 /* MLMenuCourseMapItemCell.m */ = {isa = PBXFileReference; fileEncoding = 4; lastKnownFileType = sourcecode.c.objc; path = MLMenuCourseMapItemCell.m; sourceTree = "<group>"; };
		34E98DBA169CDA1E001229B3 /* MLCourseMapItem.h */ = {isa = PBXFileReference; fileEncoding = 4; lastKnownFileType = sourcecode.c.h; path = MLCourseMapItem.h; sourceTree = "<group>"; };
		34E98DBB169CDA1E001229B3 /* MLCourseMapItem.m */ = {isa = PBXFileReference; fileEncoding = 4; lastKnownFileType = sourcecode.c.objc; path = MLCourseMapItem.m; sourceTree = "<group>"; };
		34E98DC0169CDBB9001229B3 /* MLAnnouncementsIcon.png */ = {isa = PBXFileReference; lastKnownFileType = image.png; path = MLAnnouncementsIcon.png; sourceTree = "<group>"; };
		34E98DC1169CDBB9001229B3 /* MLAnnouncementsIcon@2x.png */ = {isa = PBXFileReference; lastKnownFileType = image.png; path = "MLAnnouncementsIcon@2x.png"; sourceTree = "<group>"; };
		34E98DC2169CDBB9001229B3 /* MLAssessmentsIcon.png */ = {isa = PBXFileReference; lastKnownFileType = image.png; path = MLAssessmentsIcon.png; sourceTree = "<group>"; };
		34E98DC3169CDBB9001229B3 /* MLAssessmentsIcon@2x.png */ = {isa = PBXFileReference; lastKnownFileType = image.png; path = "MLAssessmentsIcon@2x.png"; sourceTree = "<group>"; };
		34E98DC4169CDBB9001229B3 /* MLBlogEntriesIcon.png */ = {isa = PBXFileReference; lastKnownFileType = image.png; path = MLBlogEntriesIcon.png; sourceTree = "<group>"; };
		34E98DC5169CDBB9001229B3 /* MLBlogEntriesIcon@2x.png */ = {isa = PBXFileReference; lastKnownFileType = image.png; path = "MLBlogEntriesIcon@2x.png"; sourceTree = "<group>"; };
		34E98DC6169CDBB9001229B3 /* MLBlogsIcon.png */ = {isa = PBXFileReference; lastKnownFileType = image.png; path = MLBlogsIcon.png; sourceTree = "<group>"; };
		34E98DC7169CDBB9001229B3 /* MLBlogsIcon@2x.png */ = {isa = PBXFileReference; lastKnownFileType = image.png; path = "MLBlogsIcon@2x.png"; sourceTree = "<group>"; };
		34E98DC8169CDBB9001229B3 /* MLCalendarIcon.png */ = {isa = PBXFileReference; lastKnownFileType = image.png; path = MLCalendarIcon.png; sourceTree = "<group>"; };
		34E98DC9169CDBB9001229B3 /* MLCalendarIcon@2x.png */ = {isa = PBXFileReference; lastKnownFileType = image.png; path = "MLCalendarIcon@2x.png"; sourceTree = "<group>"; };
		34E98DCA169CDBB9001229B3 /* MLContentIcon.png */ = {isa = PBXFileReference; lastKnownFileType = image.png; path = MLContentIcon.png; sourceTree = "<group>"; };
		34E98DCB169CDBB9001229B3 /* MLContentIcon@2x.png */ = {isa = PBXFileReference; lastKnownFileType = image.png; path = "MLContentIcon@2x.png"; sourceTree = "<group>"; };
		34E98DCC169CDBB9001229B3 /* MLCourseInfoButton.png */ = {isa = PBXFileReference; lastKnownFileType = image.png; path = MLCourseInfoButton.png; sourceTree = "<group>"; };
		34E98DCD169CDBB9001229B3 /* MLCourseInfoButton@2x.png */ = {isa = PBXFileReference; lastKnownFileType = image.png; path = "MLCourseInfoButton@2x.png"; sourceTree = "<group>"; };
		34E98DCE169CDBB9001229B3 /* MLCourseInfoIcon.png */ = {isa = PBXFileReference; lastKnownFileType = image.png; path = MLCourseInfoIcon.png; sourceTree = "<group>"; };
		34E98DCF169CDBB9001229B3 /* MLCourseInfoIcon@2x.png */ = {isa = PBXFileReference; lastKnownFileType = image.png; path = "MLCourseInfoIcon@2x.png"; sourceTree = "<group>"; };
		34E98DD0169CDBB9001229B3 /* MLCourseMapButton.png */ = {isa = PBXFileReference; lastKnownFileType = image.png; path = MLCourseMapButton.png; sourceTree = "<group>"; };
		34E98DD1169CDBB9001229B3 /* MLCourseMapButton@2x.png */ = {isa = PBXFileReference; lastKnownFileType = image.png; path = "MLCourseMapButton@2x.png"; sourceTree = "<group>"; };
		34E98DD2169CDBB9001229B3 /* MLFolderIcon.png */ = {isa = PBXFileReference; lastKnownFileType = image.png; path = MLFolderIcon.png; sourceTree = "<group>"; };
		34E98DD3169CDBB9001229B3 /* MLFolderIcon@2x.png */ = {isa = PBXFileReference; lastKnownFileType = image.png; path = "MLFolderIcon@2x.png"; sourceTree = "<group>"; };
		34E98DD4169CDBB9001229B3 /* MLForumsIcon.png */ = {isa = PBXFileReference; lastKnownFileType = image.png; path = MLForumsIcon.png; sourceTree = "<group>"; };
		34E98DD5169CDBB9001229B3 /* MLForumsIcon@2x.png */ = {isa = PBXFileReference; lastKnownFileType = image.png; path = "MLForumsIcon@2x.png"; sourceTree = "<group>"; };
		34E98DD6169CDBB9001229B3 /* MLForumThreadsIcon.png */ = {isa = PBXFileReference; lastKnownFileType = image.png; path = MLForumThreadsIcon.png; sourceTree = "<group>"; };
		34E98DD7169CDBB9001229B3 /* MLForumThreadsIcon@2x.png */ = {isa = PBXFileReference; lastKnownFileType = image.png; path = "MLForumThreadsIcon@2x.png"; sourceTree = "<group>"; };
		34E98DD8169CDBB9001229B3 /* MLGradesIcon.png */ = {isa = PBXFileReference; lastKnownFileType = image.png; path = MLGradesIcon.png; sourceTree = "<group>"; };
		34E98DD9169CDBB9001229B3 /* MLGradesIcon@2x.png */ = {isa = PBXFileReference; lastKnownFileType = image.png; path = "MLGradesIcon@2x.png"; sourceTree = "<group>"; };
		34E98DDA169CDBB9001229B3 /* MLGroupsIcon.png */ = {isa = PBXFileReference; lastKnownFileType = image.png; path = MLGroupsIcon.png; sourceTree = "<group>"; };
		34E98DDB169CDBB9001229B3 /* MLGroupsIcon@2x.png */ = {isa = PBXFileReference; lastKnownFileType = image.png; path = "MLGroupsIcon@2x.png"; sourceTree = "<group>"; };
		34E98DDC169CDBB9001229B3 /* MLJournalsIcon.png */ = {isa = PBXFileReference; lastKnownFileType = image.png; path = MLJournalsIcon.png; sourceTree = "<group>"; };
		34E98DDD169CDBB9001229B3 /* MLJournalsIcon@2x.png */ = {isa = PBXFileReference; lastKnownFileType = image.png; path = "MLJournalsIcon@2x.png"; sourceTree = "<group>"; };
		34E98DDE169CDBB9001229B3 /* MLLinksIcon.png */ = {isa = PBXFileReference; lastKnownFileType = image.png; path = MLLinksIcon.png; sourceTree = "<group>"; };
		34E98DDF169CDBB9001229B3 /* MLLinksIcon@2x.png */ = {isa = PBXFileReference; lastKnownFileType = image.png; path = "MLLinksIcon@2x.png"; sourceTree = "<group>"; };
		34E98DE0169CDBB9001229B3 /* MLRosterIcon.png */ = {isa = PBXFileReference; lastKnownFileType = image.png; path = MLRosterIcon.png; sourceTree = "<group>"; };
		34E98DE1169CDBB9001229B3 /* MLRosterIcon@2x.png */ = {isa = PBXFileReference; lastKnownFileType = image.png; path = "MLRosterIcon@2x.png"; sourceTree = "<group>"; };
		34E98DE2169CDBB9001229B3 /* MLTasksIcon.png */ = {isa = PBXFileReference; lastKnownFileType = image.png; path = MLTasksIcon.png; sourceTree = "<group>"; };
		34E98DE3169CDBB9001229B3 /* MLTasksIcon@2x.png */ = {isa = PBXFileReference; lastKnownFileType = image.png; path = "MLTasksIcon@2x.png"; sourceTree = "<group>"; };
/* End PBXFileReference section */

/* Begin PBXFrameworksBuildPhase section */
		345CE2B71694DD89009BA0C9 /* Frameworks */ = {
			isa = PBXFrameworksBuildPhase;
			buildActionMask = 2147483647;
			files = (
				34E98D6D169CB13E001229B3 /* QuartzCore.framework in Frameworks */,
				345CE2BF1694DD89009BA0C9 /* UIKit.framework in Frameworks */,
				345CE2C11694DD89009BA0C9 /* Foundation.framework in Frameworks */,
				345CE2C31694DD89009BA0C9 /* CoreGraphics.framework in Frameworks */,
			);
			runOnlyForDeploymentPostprocessing = 0;
		};
		345CE2D71694DD89009BA0C9 /* Frameworks */ = {
			isa = PBXFrameworksBuildPhase;
			buildActionMask = 2147483647;
			files = (
				345CE2DD1694DD89009BA0C9 /* SenTestingKit.framework in Frameworks */,
				345CE2DE1694DD89009BA0C9 /* UIKit.framework in Frameworks */,
				345CE2DF1694DD89009BA0C9 /* Foundation.framework in Frameworks */,
			);
			runOnlyForDeploymentPostprocessing = 0;
		};
/* End PBXFrameworksBuildPhase section */

/* Begin PBXGroup section */
		341BBF5816A0A74D003939CF /* NavBar */ = {
			isa = PBXGroup;
			children = (
				341BBF5916A0A76D003939CF /* MLBackArrow.png */,
				341BBF5A16A0A76D003939CF /* MLBackArrow@2x.png */,
				341BBF5B16A0A76D003939CF /* MLCheckIcon.png */,
				341BBF5C16A0A76D003939CF /* MLCheckIcon@2x.png */,
				341BBF5D16A0A76D003939CF /* MLDismissIcon.png */,
				341BBF5E16A0A76D003939CF /* MLDismissIcon@2x.png */,
				341BBF5F16A0A76D003939CF /* MLMenuIcon.png */,
				341BBF6016A0A76D003939CF /* MLMenuIcon@2x.png */,
			);
			path = NavBar;
			sourceTree = "<group>";
		};
		341BBF6A16A0B165003939CF /* Custom Font */ = {
			isa = PBXGroup;
			children = (
				341BBF6B16A0B16E003939CF /* Lato-Black.ttf */,
				341BBF6C16A0B16E003939CF /* Lato-BlackItalic.ttf */,
				341BBF6D16A0B16E003939CF /* Lato-Bold.ttf */,
				341BBF6E16A0B16E003939CF /* Lato-BoldItalic.ttf */,
				341BBF6F16A0B16E003939CF /* Lato-Hairline.ttf */,
				341BBF7016A0B16E003939CF /* Lato-HairlineItalic.ttf */,
				341BBF7116A0B16E003939CF /* Lato-Italic.ttf */,
				341BBF7216A0B16E003939CF /* Lato-Light.ttf */,
				341BBF7316A0B16E003939CF /* Lato-LightItalic.ttf */,
				341BBF7416A0B16E003939CF /* Lato-Regular.ttf */,
				341BBF7516A0B16E003939CF /* OFL.txt */,
			);
			path = "Custom Font";
			sourceTree = "<group>";
		};
		345CE2AF1694DD89009BA0C9 = {
			isa = PBXGroup;
			children = (
				34E98D6C169CB13E001229B3 /* QuartzCore.framework */,
				345CE2C41694DD89009BA0C9 /* PadSplitViewController */,
				345CE2E21694DD89009BA0C9 /* PadSplitViewControllerTests */,
				345CE2BD1694DD89009BA0C9 /* Frameworks */,
				345CE2BB1694DD89009BA0C9 /* Products */,
			);
			sourceTree = "<group>";
		};
		345CE2BB1694DD89009BA0C9 /* Products */ = {
			isa = PBXGroup;
			children = (
				345CE2BA1694DD89009BA0C9 /* PadSplitViewController.app */,
				345CE2DB1694DD89009BA0C9 /* PadSplitViewControllerTests.octest */,
			);
			name = Products;
			sourceTree = "<group>";
		};
		345CE2BD1694DD89009BA0C9 /* Frameworks */ = {
			isa = PBXGroup;
			children = (
				345CE2BE1694DD89009BA0C9 /* UIKit.framework */,
				345CE2C01694DD89009BA0C9 /* Foundation.framework */,
				345CE2C21694DD89009BA0C9 /* CoreGraphics.framework */,
				345CE2DC1694DD89009BA0C9 /* SenTestingKit.framework */,
			);
			name = Frameworks;
			sourceTree = "<group>";
		};
		345CE2C41694DD89009BA0C9 /* PadSplitViewController */ = {
			isa = PBXGroup;
			children = (
				345CE2CD1694DD89009BA0C9 /* MLAppDelegate.h */,
				345CE2CE1694DD89009BA0C9 /* MLAppDelegate.m */,
				34E98D5E169B6C0E001229B3 /* MLCourse.h */,
				34E98D5F169B6C0E001229B3 /* MLCourse.m */,
				34E98DBA169CDA1E001229B3 /* MLCourseMapItem.h */,
				34E98DBB169CDA1E001229B3 /* MLCourseMapItem.m */,
				34647FC516951D8A00183D40 /* Controllers */,
				34647FF21697693200183D40 /* Views */,
				345CE2C51694DD89009BA0C9 /* Supporting Files */,
			);
			path = PadSplitViewController;
			sourceTree = "<group>";
		};
		345CE2C51694DD89009BA0C9 /* Supporting Files */ = {
			isa = PBXGroup;
			children = (
				345CE2C61694DD89009BA0C9 /* PadSplitViewController-Info.plist */,
				345CE2C71694DD89009BA0C9 /* InfoPlist.strings */,
				345CE2CA1694DD89009BA0C9 /* main.m */,
				345CE2CC1694DD89009BA0C9 /* PadSplitViewController-Prefix.pch */,
				345CE2D01694DD89009BA0C9 /* Default.png */,
				345CE2D21694DD89009BA0C9 /* Default@2x.png */,
				345CE2D41694DD89009BA0C9 /* Default-568h@2x.png */,
				34E98D61169B7942001229B3 /* arrow.png */,
				34E98D62169B7942001229B3 /* arrow@2x.png */,
				34E98D65169B8725001229B3 /* horizontalRule.png */,
				34E98D66169B8725001229B3 /* horizontalRule@2x.png */,
				34E98DBE169CDB94001229B3 /* Resources */,
			);
			name = "Supporting Files";
			sourceTree = "<group>";
		};
		345CE2E21694DD89009BA0C9 /* PadSplitViewControllerTests */ = {
			isa = PBXGroup;
			children = (
				345CE2E81694DD89009BA0C9 /* PadSplitViewControllerTests.h */,
				345CE2E91694DD89009BA0C9 /* PadSplitViewControllerTests.m */,
				345CE2E31694DD89009BA0C9 /* Supporting Files */,
			);
			path = PadSplitViewControllerTests;
			sourceTree = "<group>";
		};
		345CE2E31694DD89009BA0C9 /* Supporting Files */ = {
			isa = PBXGroup;
			children = (
				345CE2E41694DD89009BA0C9 /* PadSplitViewControllerTests-Info.plist */,
				345CE2E51694DD89009BA0C9 /* InfoPlist.strings */,
			);
			name = "Supporting Files";
			sourceTree = "<group>";
		};
		34647FC516951D8A00183D40 /* Controllers */ = {
			isa = PBXGroup;
			children = (
				34647FCA16951D8A00183D40 /* MLPadSplitViewController.h */,
				34647FCB16951D8A00183D40 /* MLPadSplitViewController.m */,
				34647FC616951D8A00183D40 /* MLPadMenuNavigationController.h */,
				34647FC716951D8A00183D40 /* MLPadMenuNavigationController.m */,
				34647FC816951D8A00183D40 /* MLPadMenuViewController.h */,
				34647FC916951D8A00183D40 /* MLPadMenuViewController.m */,
				34E98D71169CCDA5001229B3 /* MLPadMenuCourseViewController.h */,
				34E98D72169CCDA5001229B3 /* MLPadMenuCourseViewController.m */,
				34E98D74169CCDBF001229B3 /* MLPadMenuCourseMapItemViewController.h */,
				34E98D75169CCDBF001229B3 /* MLPadMenuCourseMapItemViewController.m */,
			);
			path = Controllers;
			sourceTree = "<group>";
		};
		34647FF21697693200183D40 /* Views */ = {
			isa = PBXGroup;
			children = (
				34647FF316976AFC00183D40 /* MLMenuPinView.h */,
				34647FF416976AFC00183D40 /* MLMenuPinView.m */,
				34647FF716976B3C00183D40 /* MLPadMenuNavigationBar.h */,
				34647FF816976B3C00183D40 /* MLPadMenuNavigationBar.m */,
				34647FFB16976CA900183D40 /* MLPadMenuTableView.h */,
				34647FFC16976CA900183D40 /* MLPadMenuTableView.m */,
				3464801F16978A0E00183D40 /* MLMenuFooterView.h */,
				3464802016978A0E00183D40 /* MLMenuFooterView.m */,
				34E98D5A169B6AF0001229B3 /* MLMenuCell.h */,
				34E98D5B169B6AF0001229B3 /* MLMenuCell.m */,
				34E98D6E169CBAE8001229B3 /* MLMenuCourseCell.h */,
				34E98D6F169CBAE8001229B3 /* MLMenuCourseCell.m */,
				34E98D77169CD527001229B3 /* MLMenuCourseMapItemCell.h */,
				34E98D78169CD527001229B3 /* MLMenuCourseMapItemCell.m */,
				34E98D69169B88B4001229B3 /* MLMenuSectionHeaderView.h */,
				34E98D6A169B88B4001229B3 /* MLMenuSectionHeaderView.m */,
				341BBF8B16A0D647003939CF /* MLPixelDivider.h */,
				341BBF8C16A0D647003939CF /* MLPixelDivider.m */,
			);
			path = Views;
			sourceTree = "<group>";
		};
		34E98DBE169CDB94001229B3 /* Resources */ = {
			isa = PBXGroup;
			children = (
				341BBF6A16A0B165003939CF /* Custom Font */,
				34E98DBF169CDB94001229B3 /* CourseMap */,
				341BBF5816A0A74D003939CF /* NavBar */,
			);
			path = Resources;
			sourceTree = "<group>";
		};
		34E98DBF169CDB94001229B3 /* CourseMap */ = {
			isa = PBXGroup;
			children = (
				34E98DC0169CDBB9001229B3 /* MLAnnouncementsIcon.png */,
				34E98DC1169CDBB9001229B3 /* MLAnnouncementsIcon@2x.png */,
				34E98DC2169CDBB9001229B3 /* MLAssessmentsIcon.png */,
				34E98DC3169CDBB9001229B3 /* MLAssessmentsIcon@2x.png */,
				34E98DC4169CDBB9001229B3 /* MLBlogEntriesIcon.png */,
				34E98DC5169CDBB9001229B3 /* MLBlogEntriesIcon@2x.png */,
				34E98DC6169CDBB9001229B3 /* MLBlogsIcon.png */,
				34E98DC7169CDBB9001229B3 /* MLBlogsIcon@2x.png */,
				34E98DC8169CDBB9001229B3 /* MLCalendarIcon.png */,
				34E98DC9169CDBB9001229B3 /* MLCalendarIcon@2x.png */,
				34E98DCA169CDBB9001229B3 /* MLContentIcon.png */,
				34E98DCB169CDBB9001229B3 /* MLContentIcon@2x.png */,
				34E98DCC169CDBB9001229B3 /* MLCourseInfoButton.png */,
				34E98DCD169CDBB9001229B3 /* MLCourseInfoButton@2x.png */,
				34E98DCE169CDBB9001229B3 /* MLCourseInfoIcon.png */,
				34E98DCF169CDBB9001229B3 /* MLCourseInfoIcon@2x.png */,
				34E98DD0169CDBB9001229B3 /* MLCourseMapButton.png */,
				34E98DD1169CDBB9001229B3 /* MLCourseMapButton@2x.png */,
				34E98DD2169CDBB9001229B3 /* MLFolderIcon.png */,
				34E98DD3169CDBB9001229B3 /* MLFolderIcon@2x.png */,
				34E98DD4169CDBB9001229B3 /* MLForumsIcon.png */,
				34E98DD5169CDBB9001229B3 /* MLForumsIcon@2x.png */,
				34E98DD6169CDBB9001229B3 /* MLForumThreadsIcon.png */,
				34E98DD7169CDBB9001229B3 /* MLForumThreadsIcon@2x.png */,
				34E98DD8169CDBB9001229B3 /* MLGradesIcon.png */,
				34E98DD9169CDBB9001229B3 /* MLGradesIcon@2x.png */,
				34E98DDA169CDBB9001229B3 /* MLGroupsIcon.png */,
				34E98DDB169CDBB9001229B3 /* MLGroupsIcon@2x.png */,
				34E98DDC169CDBB9001229B3 /* MLJournalsIcon.png */,
				34E98DDD169CDBB9001229B3 /* MLJournalsIcon@2x.png */,
				34E98DDE169CDBB9001229B3 /* MLLinksIcon.png */,
				34E98DDF169CDBB9001229B3 /* MLLinksIcon@2x.png */,
				34E98DE0169CDBB9001229B3 /* MLRosterIcon.png */,
				34E98DE1169CDBB9001229B3 /* MLRosterIcon@2x.png */,
				34E98DE2169CDBB9001229B3 /* MLTasksIcon.png */,
				34E98DE3169CDBB9001229B3 /* MLTasksIcon@2x.png */,
			);
			path = CourseMap;
			sourceTree = "<group>";
		};
/* End PBXGroup section */

/* Begin PBXNativeTarget section */
		345CE2B91694DD89009BA0C9 /* PadSplitViewController */ = {
			isa = PBXNativeTarget;
			buildConfigurationList = 345CE2ED1694DD89009BA0C9 /* Build configuration list for PBXNativeTarget "PadSplitViewController" */;
			buildPhases = (
				345CE2B61694DD89009BA0C9 /* Sources */,
				345CE2B71694DD89009BA0C9 /* Frameworks */,
				345CE2B81694DD89009BA0C9 /* Resources */,
			);
			buildRules = (
			);
			dependencies = (
			);
			name = PadSplitViewController;
			productName = PadSplitViewController;
			productReference = 345CE2BA1694DD89009BA0C9 /* PadSplitViewController.app */;
			productType = "com.apple.product-type.application";
		};
		345CE2DA1694DD89009BA0C9 /* PadSplitViewControllerTests */ = {
			isa = PBXNativeTarget;
			buildConfigurationList = 345CE2F01694DD89009BA0C9 /* Build configuration list for PBXNativeTarget "PadSplitViewControllerTests" */;
			buildPhases = (
				345CE2D61694DD89009BA0C9 /* Sources */,
				345CE2D71694DD89009BA0C9 /* Frameworks */,
				345CE2D81694DD89009BA0C9 /* Resources */,
				345CE2D91694DD89009BA0C9 /* ShellScript */,
			);
			buildRules = (
			);
			dependencies = (
				345CE2E11694DD89009BA0C9 /* PBXTargetDependency */,
			);
			name = PadSplitViewControllerTests;
			productName = PadSplitViewControllerTests;
			productReference = 345CE2DB1694DD89009BA0C9 /* PadSplitViewControllerTests.octest */;
			productType = "com.apple.product-type.bundle";
		};
/* End PBXNativeTarget section */

/* Begin PBXProject section */
		345CE2B11694DD89009BA0C9 /* Project object */ = {
			isa = PBXProject;
			attributes = {
				CLASSPREFIX = ML;
				LastUpgradeCheck = 0450;
				ORGANIZATIONNAME = "Justin Brunet";
			};
			buildConfigurationList = 345CE2B41694DD89009BA0C9 /* Build configuration list for PBXProject "PadSplitViewController" */;
			compatibilityVersion = "Xcode 3.2";
			developmentRegion = English;
			hasScannedForEncodings = 0;
			knownRegions = (
				en,
			);
			mainGroup = 345CE2AF1694DD89009BA0C9;
			productRefGroup = 345CE2BB1694DD89009BA0C9 /* Products */;
			projectDirPath = "";
			projectRoot = "";
			targets = (
				345CE2B91694DD89009BA0C9 /* PadSplitViewController */,
				345CE2DA1694DD89009BA0C9 /* PadSplitViewControllerTests */,
			);
		};
/* End PBXProject section */

/* Begin PBXResourcesBuildPhase section */
		345CE2B81694DD89009BA0C9 /* Resources */ = {
			isa = PBXResourcesBuildPhase;
			buildActionMask = 2147483647;
			files = (
				345CE2C91694DD89009BA0C9 /* InfoPlist.strings in Resources */,
				345CE2D11694DD89009BA0C9 /* Default.png in Resources */,
				345CE2D31694DD89009BA0C9 /* Default@2x.png in Resources */,
				345CE2D51694DD89009BA0C9 /* Default-568h@2x.png in Resources */,
				34E98D63169B7942001229B3 /* arrow.png in Resources */,
				34E98D64169B7942001229B3 /* arrow@2x.png in Resources */,
				34E98D67169B8725001229B3 /* horizontalRule.png in Resources */,
				34E98D68169B8725001229B3 /* horizontalRule@2x.png in Resources */,
				34E98DE4169CDBB9001229B3 /* MLAnnouncementsIcon.png in Resources */,
				34E98DE5169CDBB9001229B3 /* MLAnnouncementsIcon@2x.png in Resources */,
				34E98DE6169CDBB9001229B3 /* MLAssessmentsIcon.png in Resources */,
				34E98DE7169CDBB9001229B3 /* MLAssessmentsIcon@2x.png in Resources */,
				34E98DE8169CDBB9001229B3 /* MLBlogEntriesIcon.png in Resources */,
				34E98DE9169CDBB9001229B3 /* MLBlogEntriesIcon@2x.png in Resources */,
				34E98DEA169CDBB9001229B3 /* MLBlogsIcon.png in Resources */,
				34E98DEB169CDBB9001229B3 /* MLBlogsIcon@2x.png in Resources */,
				34E98DEC169CDBB9001229B3 /* MLCalendarIcon.png in Resources */,
				34E98DED169CDBB9001229B3 /* MLCalendarIcon@2x.png in Resources */,
				34E98DEE169CDBB9001229B3 /* MLContentIcon.png in Resources */,
				34E98DEF169CDBB9001229B3 /* MLContentIcon@2x.png in Resources */,
				34E98DF0169CDBB9001229B3 /* MLCourseInfoButton.png in Resources */,
				34E98DF1169CDBB9001229B3 /* MLCourseInfoButton@2x.png in Resources */,
				34E98DF2169CDBB9001229B3 /* MLCourseInfoIcon.png in Resources */,
				34E98DF3169CDBB9001229B3 /* MLCourseInfoIcon@2x.png in Resources */,
				34E98DF4169CDBB9001229B3 /* MLCourseMapButton.png in Resources */,
				34E98DF5169CDBB9001229B3 /* MLCourseMapButton@2x.png in Resources */,
				34E98DF6169CDBB9001229B3 /* MLFolderIcon.png in Resources */,
				34E98DF7169CDBB9001229B3 /* MLFolderIcon@2x.png in Resources */,
				34E98DF8169CDBB9001229B3 /* MLForumsIcon.png in Resources */,
				34E98DF9169CDBB9001229B3 /* MLForumsIcon@2x.png in Resources */,
				34E98DFA169CDBB9001229B3 /* MLForumThreadsIcon.png in Resources */,
				34E98DFB169CDBB9001229B3 /* MLForumThreadsIcon@2x.png in Resources */,
				34E98DFC169CDBB9001229B3 /* MLGradesIcon.png in Resources */,
				34E98DFD169CDBB9001229B3 /* MLGradesIcon@2x.png in Resources */,
				34E98DFE169CDBB9001229B3 /* MLGroupsIcon.png in Resources */,
				34E98DFF169CDBB9001229B3 /* MLGroupsIcon@2x.png in Resources */,
				34E98E00169CDBB9001229B3 /* MLJournalsIcon.png in Resources */,
				34E98E01169CDBB9001229B3 /* MLJournalsIcon@2x.png in Resources */,
				34E98E02169CDBB9001229B3 /* MLLinksIcon.png in Resources */,
				34E98E03169CDBB9001229B3 /* MLLinksIcon@2x.png in Resources */,
				34E98E04169CDBB9001229B3 /* MLRosterIcon.png in Resources */,
				34E98E05169CDBB9001229B3 /* MLRosterIcon@2x.png in Resources */,
				34E98E06169CDBB9001229B3 /* MLTasksIcon.png in Resources */,
				34E98E07169CDBB9001229B3 /* MLTasksIcon@2x.png in Resources */,
				341BBF6116A0A76D003939CF /* MLBackArrow.png in Resources */,
				341BBF6216A0A76D003939CF /* MLBackArrow@2x.png in Resources */,
				341BBF6316A0A76D003939CF /* MLCheckIcon.png in Resources */,
				341BBF6416A0A76D003939CF /* MLCheckIcon@2x.png in Resources */,
				341BBF6516A0A76D003939CF /* MLDismissIcon.png in Resources */,
				341BBF6616A0A76D003939CF /* MLDismissIcon@2x.png in Resources */,
				341BBF6716A0A76D003939CF /* MLMenuIcon.png in Resources */,
				341BBF6816A0A76D003939CF /* MLMenuIcon@2x.png in Resources */,
				341BBF8116A0C805003939CF /* Lato-Black.ttf in Resources */,
				341BBF8216A0C805003939CF /* Lato-BlackItalic.ttf in Resources */,
				341BBF8316A0C805003939CF /* Lato-Bold.ttf in Resources */,
				341BBF8416A0C805003939CF /* Lato-BoldItalic.ttf in Resources */,
				341BBF8516A0C805003939CF /* Lato-Hairline.ttf in Resources */,
				341BBF8616A0C805003939CF /* Lato-HairlineItalic.ttf in Resources */,
				341BBF8716A0C805003939CF /* Lato-Italic.ttf in Resources */,
				341BBF8816A0C805003939CF /* Lato-Light.ttf in Resources */,
				341BBF8916A0C805003939CF /* Lato-LightItalic.ttf in Resources */,
				341BBF8A16A0C805003939CF /* Lato-Regular.ttf in Resources */,
			);
			runOnlyForDeploymentPostprocessing = 0;
		};
		345CE2D81694DD89009BA0C9 /* Resources */ = {
			isa = PBXResourcesBuildPhase;
			buildActionMask = 2147483647;
			files = (
				345CE2E71694DD89009BA0C9 /* InfoPlist.strings in Resources */,
				341BBF7616A0B16E003939CF /* Lato-Black.ttf in Resources */,
				341BBF7716A0B16E003939CF /* Lato-BlackItalic.ttf in Resources */,
				341BBF7816A0B16E003939CF /* Lato-Bold.ttf in Resources */,
				341BBF7916A0B16E003939CF /* Lato-BoldItalic.ttf in Resources */,
				341BBF7A16A0B16E003939CF /* Lato-Hairline.ttf in Resources */,
				341BBF7B16A0B16E003939CF /* Lato-HairlineItalic.ttf in Resources */,
				341BBF7C16A0B16E003939CF /* Lato-Italic.ttf in Resources */,
				341BBF7D16A0B16E003939CF /* Lato-Light.ttf in Resources */,
				341BBF7E16A0B16E003939CF /* Lato-LightItalic.ttf in Resources */,
				341BBF7F16A0B16E003939CF /* Lato-Regular.ttf in Resources */,
				341BBF8016A0B16E003939CF /* OFL.txt in Resources */,
			);
			runOnlyForDeploymentPostprocessing = 0;
		};
/* End PBXResourcesBuildPhase section */

/* Begin PBXShellScriptBuildPhase section */
		345CE2D91694DD89009BA0C9 /* ShellScript */ = {
			isa = PBXShellScriptBuildPhase;
			buildActionMask = 2147483647;
			files = (
			);
			inputPaths = (
			);
			outputPaths = (
			);
			runOnlyForDeploymentPostprocessing = 0;
			shellPath = /bin/sh;
			shellScript = "# Run the unit tests in this test bundle.\n\"${SYSTEM_DEVELOPER_DIR}/Tools/RunUnitTests\"\n";
		};
/* End PBXShellScriptBuildPhase section */

/* Begin PBXSourcesBuildPhase section */
		345CE2B61694DD89009BA0C9 /* Sources */ = {
			isa = PBXSourcesBuildPhase;
			buildActionMask = 2147483647;
			files = (
				345CE2CB1694DD89009BA0C9 /* main.m in Sources */,
				345CE2CF1694DD89009BA0C9 /* MLAppDelegate.m in Sources */,
				34647FCC16951D8A00183D40 /* MLPadMenuNavigationController.m in Sources */,
				34647FCE16951D8A00183D40 /* MLPadMenuViewController.m in Sources */,
				34647FD016951D8A00183D40 /* MLPadSplitViewController.m in Sources */,
				34647FF516976AFC00183D40 /* MLMenuPinView.m in Sources */,
				34647FF916976B3C00183D40 /* MLPadMenuNavigationBar.m in Sources */,
				34647FFD16976CA900183D40 /* MLPadMenuTableView.m in Sources */,
				3464802116978A0E00183D40 /* MLMenuFooterView.m in Sources */,
				34E98D5C169B6AF0001229B3 /* MLMenuCell.m in Sources */,
				34E98D60169B6C0F001229B3 /* MLCourse.m in Sources */,
				34E98D6B169B88B4001229B3 /* MLMenuSectionHeaderView.m in Sources */,
				34E98D70169CBAE8001229B3 /* MLMenuCourseCell.m in Sources */,
				34E98D73169CCDA5001229B3 /* MLPadMenuCourseViewController.m in Sources */,
				34E98D76169CCDBF001229B3 /* MLPadMenuCourseMapItemViewController.m in Sources */,
				34E98D79169CD527001229B3 /* MLMenuCourseMapItemCell.m in Sources */,
				34E98DBC169CDA1F001229B3 /* MLCourseMapItem.m in Sources */,
				341BBF8D16A0D648003939CF /* MLPixelDivider.m in Sources */,
			);
			runOnlyForDeploymentPostprocessing = 0;
		};
		345CE2D61694DD89009BA0C9 /* Sources */ = {
			isa = PBXSourcesBuildPhase;
			buildActionMask = 2147483647;
			files = (
				345CE2EA1694DD89009BA0C9 /* PadSplitViewControllerTests.m in Sources */,
				34647FCD16951D8A00183D40 /* MLPadMenuNavigationController.m in Sources */,
				34647FCF16951D8A00183D40 /* MLPadMenuViewController.m in Sources */,
				34647FD116951D8A00183D40 /* MLPadSplitViewController.m in Sources */,
				34647FF616976AFC00183D40 /* MLMenuPinView.m in Sources */,
				34647FFA16976B3C00183D40 /* MLPadMenuNavigationBar.m in Sources */,
				34647FFE16976CA900183D40 /* MLPadMenuTableView.m in Sources */,
				3464802216978A0E00183D40 /* MLMenuFooterView.m in Sources */,
			);
			runOnlyForDeploymentPostprocessing = 0;
		};
/* End PBXSourcesBuildPhase section */

/* Begin PBXTargetDependency section */
		345CE2E11694DD89009BA0C9 /* PBXTargetDependency */ = {
			isa = PBXTargetDependency;
			target = 345CE2B91694DD89009BA0C9 /* PadSplitViewController */;
			targetProxy = 345CE2E01694DD89009BA0C9 /* PBXContainerItemProxy */;
		};
/* End PBXTargetDependency section */

/* Begin PBXVariantGroup section */
		345CE2C71694DD89009BA0C9 /* InfoPlist.strings */ = {
			isa = PBXVariantGroup;
			children = (
				345CE2C81694DD89009BA0C9 /* en */,
			);
			name = InfoPlist.strings;
			sourceTree = "<group>";
		};
		345CE2E51694DD89009BA0C9 /* InfoPlist.strings */ = {
			isa = PBXVariantGroup;
			children = (
				345CE2E61694DD89009BA0C9 /* en */,
			);
			name = InfoPlist.strings;
			sourceTree = "<group>";
		};
/* End PBXVariantGroup section */

/* Begin XCBuildConfiguration section */
		345CE2EB1694DD89009BA0C9 /* Debug */ = {
			isa = XCBuildConfiguration;
			buildSettings = {
				ALWAYS_SEARCH_USER_PATHS = NO;
				CLANG_CXX_LANGUAGE_STANDARD = "gnu++0x";
				CLANG_CXX_LIBRARY = "libc++";
				CLANG_WARN_EMPTY_BODY = YES;
				CLANG_WARN__DUPLICATE_METHOD_MATCH = YES;
				CODE_SIGN_IDENTITY = "iPhone Developer";
				"CODE_SIGN_IDENTITY[sdk=iphoneos*]" = "iPhone Developer";
				COPY_PHASE_STRIP = NO;
				GCC_C_LANGUAGE_STANDARD = gnu99;
				GCC_DYNAMIC_NO_PIC = NO;
				GCC_OPTIMIZATION_LEVEL = 0;
				GCC_PREPROCESSOR_DEFINITIONS = (
					"DEBUG=1",
					"$(inherited)",
				);
				GCC_SYMBOLS_PRIVATE_EXTERN = NO;
				GCC_WARN_ABOUT_RETURN_TYPE = YES;
				GCC_WARN_UNINITIALIZED_AUTOS = YES;
				GCC_WARN_UNUSED_VARIABLE = YES;
				IPHONEOS_DEPLOYMENT_TARGET = 6.0;
				ONLY_ACTIVE_ARCH = YES;
				PROVISIONING_PROFILE = "";
				SDKROOT = iphoneos;
				TARGETED_DEVICE_FAMILY = "1,2";
			};
			name = Debug;
		};
		345CE2EC1694DD89009BA0C9 /* Release */ = {
			isa = XCBuildConfiguration;
			buildSettings = {
				ALWAYS_SEARCH_USER_PATHS = NO;
				CLANG_CXX_LANGUAGE_STANDARD = "gnu++0x";
				CLANG_CXX_LIBRARY = "libc++";
				CLANG_WARN_EMPTY_BODY = YES;
				CLANG_WARN__DUPLICATE_METHOD_MATCH = YES;
				CODE_SIGN_IDENTITY = "iPhone Developer";
				"CODE_SIGN_IDENTITY[sdk=iphoneos*]" = "iPhone Developer";
				COPY_PHASE_STRIP = YES;
				GCC_C_LANGUAGE_STANDARD = gnu99;
				GCC_WARN_ABOUT_RETURN_TYPE = YES;
				GCC_WARN_UNINITIALIZED_AUTOS = YES;
				GCC_WARN_UNUSED_VARIABLE = YES;
				IPHONEOS_DEPLOYMENT_TARGET = 6.0;
				OTHER_CFLAGS = "-DNS_BLOCK_ASSERTIONS=1";
				PROVISIONING_PROFILE = "";
				SDKROOT = iphoneos;
				TARGETED_DEVICE_FAMILY = "1,2";
				VALIDATE_PRODUCT = YES;
			};
			name = Release;
		};
		345CE2EE1694DD89009BA0C9 /* Debug */ = {
			isa = XCBuildConfiguration;
			buildSettings = {
				GCC_PRECOMPILE_PREFIX_HEADER = YES;
				GCC_PREFIX_HEADER = "PadSplitViewController/PadSplitViewController-Prefix.pch";
				INFOPLIST_FILE = "PadSplitViewController/PadSplitViewController-Info.plist";
				PRODUCT_NAME = "$(TARGET_NAME)";
				WRAPPER_EXTENSION = app;
			};
			name = Debug;
		};
		345CE2EF1694DD89009BA0C9 /* Release */ = {
			isa = XCBuildConfiguration;
			buildSettings = {
				GCC_PRECOMPILE_PREFIX_HEADER = YES;
				GCC_PREFIX_HEADER = "PadSplitViewController/PadSplitViewController-Prefix.pch";
				INFOPLIST_FILE = "PadSplitViewController/PadSplitViewController-Info.plist";
				PRODUCT_NAME = "$(TARGET_NAME)";
				WRAPPER_EXTENSION = app;
			};
			name = Release;
		};
		345CE2F11694DD89009BA0C9 /* Debug */ = {
			isa = XCBuildConfiguration;
			buildSettings = {
				BUNDLE_LOADER = "$(BUILT_PRODUCTS_DIR)/PadSplitViewController.app/PadSplitViewController";
				FRAMEWORK_SEARCH_PATHS = (
					"\"$(SDKROOT)/Developer/Library/Frameworks\"",
					"\"$(DEVELOPER_LIBRARY_DIR)/Frameworks\"",
				);
				GCC_PRECOMPILE_PREFIX_HEADER = YES;
				GCC_PREFIX_HEADER = "PadSplitViewController/PadSplitViewController-Prefix.pch";
				INFOPLIST_FILE = "PadSplitViewControllerTests/PadSplitViewControllerTests-Info.plist";
				PRODUCT_NAME = "$(TARGET_NAME)";
				TEST_HOST = "$(BUNDLE_LOADER)";
				WRAPPER_EXTENSION = octest;
			};
			name = Debug;
		};
		345CE2F21694DD89009BA0C9 /* Release */ = {
			isa = XCBuildConfiguration;
			buildSettings = {
				BUNDLE_LOADER = "$(BUILT_PRODUCTS_DIR)/PadSplitViewController.app/PadSplitViewController";
				FRAMEWORK_SEARCH_PATHS = (
					"\"$(SDKROOT)/Developer/Library/Frameworks\"",
					"\"$(DEVELOPER_LIBRARY_DIR)/Frameworks\"",
				);
				GCC_PRECOMPILE_PREFIX_HEADER = YES;
				GCC_PREFIX_HEADER = "PadSplitViewController/PadSplitViewController-Prefix.pch";
				INFOPLIST_FILE = "PadSplitViewControllerTests/PadSplitViewControllerTests-Info.plist";
				PRODUCT_NAME = "$(TARGET_NAME)";
				TEST_HOST = "$(BUNDLE_LOADER)";
				WRAPPER_EXTENSION = octest;
			};
			name = Release;
		};
/* End XCBuildConfiguration section */

/* Begin XCConfigurationList section */
		345CE2B41694DD89009BA0C9 /* Build configuration list for PBXProject "PadSplitViewController" */ = {
			isa = XCConfigurationList;
			buildConfigurations = (
				345CE2EB1694DD89009BA0C9 /* Debug */,
				345CE2EC1694DD89009BA0C9 /* Release */,
			);
			defaultConfigurationIsVisible = 0;
			defaultConfigurationName = Release;
		};
		345CE2ED1694DD89009BA0C9 /* Build configuration list for PBXNativeTarget "PadSplitViewController" */ = {
			isa = XCConfigurationList;
			buildConfigurations = (
				345CE2EE1694DD89009BA0C9 /* Debug */,
				345CE2EF1694DD89009BA0C9 /* Release */,
			);
			defaultConfigurationIsVisible = 0;
			defaultConfigurationName = Release;
		};
		345CE2F01694DD89009BA0C9 /* Build configuration list for PBXNativeTarget "PadSplitViewControllerTests" */ = {
			isa = XCConfigurationList;
			buildConfigurations = (
				345CE2F11694DD89009BA0C9 /* Debug */,
				345CE2F21694DD89009BA0C9 /* Release */,
			);
			defaultConfigurationIsVisible = 0;
			defaultConfigurationName = Release;
		};
/* End XCConfigurationList section */
	};
	rootObject = 345CE2B11694DD89009BA0C9 /* Project object */;
}
